// !$*UTF8*$!
{
	archiveVersion = 1;
	classes = {
	};
	objectVersion = 51;
	objects = {

/* Begin PBXBuildFile section */
		155431565B3095D0C860F74F /* Pods_PSIMap_Tests_PSIMapTests.framework in Frameworks */ = {isa = PBXBuildFile; fileRef = 92D6010CE33B72246A489F5C /* Pods_PSIMap_Tests_PSIMapTests.framework */; };
		8CE7DB5217E90749E52B9486 /* Pods_PSIMap_Tests_PSIMapUITests.framework in Frameworks */ = {isa = PBXBuildFile; fileRef = 19C0FF1742442A3606F8DAB1 /* Pods_PSIMap_Tests_PSIMapUITests.framework */; };
		9FCC96DD2365BBDE00E1B402 /* AppDelegate.swift in Sources */ = {isa = PBXBuildFile; fileRef = 9FCC96DC2365BBDE00E1B402 /* AppDelegate.swift */; };
		9FCC96DF2365BBDE00E1B402 /* SceneDelegate.swift in Sources */ = {isa = PBXBuildFile; fileRef = 9FCC96DE2365BBDE00E1B402 /* SceneDelegate.swift */; };
		9FCC96E12365BBDE00E1B402 /* ViewController.swift in Sources */ = {isa = PBXBuildFile; fileRef = 9FCC96E02365BBDE00E1B402 /* ViewController.swift */; };
		9FCC96E42365BBDE00E1B402 /* Main.storyboard in Resources */ = {isa = PBXBuildFile; fileRef = 9FCC96E22365BBDE00E1B402 /* Main.storyboard */; };
		9FCC96E62365BBE200E1B402 /* Assets.xcassets in Resources */ = {isa = PBXBuildFile; fileRef = 9FCC96E52365BBE200E1B402 /* Assets.xcassets */; };
		9FCC96E92365BBE200E1B402 /* LaunchScreen.storyboard in Resources */ = {isa = PBXBuildFile; fileRef = 9FCC96E72365BBE200E1B402 /* LaunchScreen.storyboard */; };
		9FCC96FF2365BBE200E1B402 /* PSIMapUITests.swift in Sources */ = {isa = PBXBuildFile; fileRef = 9FCC96FE2365BBE200E1B402 /* PSIMapUITests.swift */; };
		9FCC970E2365D44100E1B402 /* psi-api-response.json in Resources */ = {isa = PBXBuildFile; fileRef = 9FCC970D2365D44100E1B402 /* psi-api-response.json */; };
		9FCC97142365D4B100E1B402 /* PSIAPIServiceProtocols.swift in Sources */ = {isa = PBXBuildFile; fileRef = 9FCC97132365D4B100E1B402 /* PSIAPIServiceProtocols.swift */; };
		9FCC97162365D60C00E1B402 /* PSIAPIResponse.swift in Sources */ = {isa = PBXBuildFile; fileRef = 9FCC97152365D60C00E1B402 /* PSIAPIResponse.swift */; };
		9FCC97192365DBAC00E1B402 /* PSIAPIService.swift in Sources */ = {isa = PBXBuildFile; fileRef = 9FCC97182365DBAC00E1B402 /* PSIAPIService.swift */; };
		9FCC971D2365E15800E1B402 /* PSIAPIServiceTests.swift in Sources */ = {isa = PBXBuildFile; fileRef = 9FCC971C2365E15800E1B402 /* PSIAPIServiceTests.swift */; };
		9FCC97202365E82100E1B402 /* MockURLProtocol.swift in Sources */ = {isa = PBXBuildFile; fileRef = 9FCC971F2365E82100E1B402 /* MockURLProtocol.swift */; };
		9FF680B82367E19300B4F67C /* GeneratedMocks.swift in Sources */ = {isa = PBXBuildFile; fileRef = 9FF680B72367E19300B4F67C /* GeneratedMocks.swift */; };
		9FF680BB2367EBF000B4F67C /* .swiftlint.yml in Resources */ = {isa = PBXBuildFile; fileRef = 9FF680BA2367EBF000B4F67C /* .swiftlint.yml */; };
		F0F71305B8B1CB91E9D19B9B /* Pods_PSIMap.framework in Frameworks */ = {isa = PBXBuildFile; fileRef = E8E27B9914FB0E99921B48E1 /* Pods_PSIMap.framework */; };
/* End PBXBuildFile section */

/* Begin PBXContainerItemProxy section */
		9FCC96F02365BBE200E1B402 /* PBXContainerItemProxy */ = {
			isa = PBXContainerItemProxy;
			containerPortal = 9FCC96D12365BBDD00E1B402 /* Project object */;
			proxyType = 1;
			remoteGlobalIDString = 9FCC96D82365BBDD00E1B402;
			remoteInfo = PSIMap;
		};
		9FCC96FB2365BBE200E1B402 /* PBXContainerItemProxy */ = {
			isa = PBXContainerItemProxy;
			containerPortal = 9FCC96D12365BBDD00E1B402 /* Project object */;
			proxyType = 1;
			remoteGlobalIDString = 9FCC96D82365BBDD00E1B402;
			remoteInfo = PSIMap;
		};
/* End PBXContainerItemProxy section */

/* Begin PBXFileReference section */
		19C0FF1742442A3606F8DAB1 /* Pods_PSIMap_Tests_PSIMapUITests.framework */ = {isa = PBXFileReference; explicitFileType = wrapper.framework; includeInIndex = 0; path = Pods_PSIMap_Tests_PSIMapUITests.framework; sourceTree = BUILT_PRODUCTS_DIR; };
		222EA4D9714D8BDCB1C04866 /* Pods-PSIMap-Tests-PSIMapUITests.release.xcconfig */ = {isa = PBXFileReference; includeInIndex = 1; lastKnownFileType = text.xcconfig; name = "Pods-PSIMap-Tests-PSIMapUITests.release.xcconfig"; path = "Target Support Files/Pods-PSIMap-Tests-PSIMapUITests/Pods-PSIMap-Tests-PSIMapUITests.release.xcconfig"; sourceTree = "<group>"; };
		4009A9C5E14FB4ACA272F992 /* Pods-PSIMap.debug.xcconfig */ = {isa = PBXFileReference; includeInIndex = 1; lastKnownFileType = text.xcconfig; name = "Pods-PSIMap.debug.xcconfig"; path = "Target Support Files/Pods-PSIMap/Pods-PSIMap.debug.xcconfig"; sourceTree = "<group>"; };
		6451CEEBD3A0ABD5C2500A45 /* Pods-PSIMap-Tests-PSIMapTests.release.xcconfig */ = {isa = PBXFileReference; includeInIndex = 1; lastKnownFileType = text.xcconfig; name = "Pods-PSIMap-Tests-PSIMapTests.release.xcconfig"; path = "Target Support Files/Pods-PSIMap-Tests-PSIMapTests/Pods-PSIMap-Tests-PSIMapTests.release.xcconfig"; sourceTree = "<group>"; };
		7A768665D3A2D26B82B02B1B /* Pods-PSIMap-Tests-PSIMapTests.debug.xcconfig */ = {isa = PBXFileReference; includeInIndex = 1; lastKnownFileType = text.xcconfig; name = "Pods-PSIMap-Tests-PSIMapTests.debug.xcconfig"; path = "Target Support Files/Pods-PSIMap-Tests-PSIMapTests/Pods-PSIMap-Tests-PSIMapTests.debug.xcconfig"; sourceTree = "<group>"; };
		92D6010CE33B72246A489F5C /* Pods_PSIMap_Tests_PSIMapTests.framework */ = {isa = PBXFileReference; explicitFileType = wrapper.framework; includeInIndex = 0; path = Pods_PSIMap_Tests_PSIMapTests.framework; sourceTree = BUILT_PRODUCTS_DIR; };
		9FB332ED2367E085000E4294 /* generate_mocks.sh */ = {isa = PBXFileReference; lastKnownFileType = text.script.sh; path = generate_mocks.sh; sourceTree = "<group>"; };
		9FCC96D92365BBDE00E1B402 /* PSIMap.app */ = {isa = PBXFileReference; explicitFileType = wrapper.application; includeInIndex = 0; path = PSIMap.app; sourceTree = BUILT_PRODUCTS_DIR; };
		9FCC96DC2365BBDE00E1B402 /* AppDelegate.swift */ = {isa = PBXFileReference; lastKnownFileType = sourcecode.swift; path = AppDelegate.swift; sourceTree = "<group>"; };
		9FCC96DE2365BBDE00E1B402 /* SceneDelegate.swift */ = {isa = PBXFileReference; lastKnownFileType = sourcecode.swift; path = SceneDelegate.swift; sourceTree = "<group>"; };
		9FCC96E02365BBDE00E1B402 /* ViewController.swift */ = {isa = PBXFileReference; lastKnownFileType = sourcecode.swift; path = ViewController.swift; sourceTree = "<group>"; };
		9FCC96E32365BBDE00E1B402 /* Base */ = {isa = PBXFileReference; lastKnownFileType = file.storyboard; name = Base; path = Base.lproj/Main.storyboard; sourceTree = "<group>"; };
		9FCC96E52365BBE200E1B402 /* Assets.xcassets */ = {isa = PBXFileReference; lastKnownFileType = folder.assetcatalog; path = Assets.xcassets; sourceTree = "<group>"; };
		9FCC96E82365BBE200E1B402 /* Base */ = {isa = PBXFileReference; lastKnownFileType = file.storyboard; name = Base; path = Base.lproj/LaunchScreen.storyboard; sourceTree = "<group>"; };
		9FCC96EA2365BBE200E1B402 /* Info.plist */ = {isa = PBXFileReference; lastKnownFileType = text.plist.xml; path = Info.plist; sourceTree = "<group>"; };
		9FCC96EF2365BBE200E1B402 /* PSIMapTests.xctest */ = {isa = PBXFileReference; explicitFileType = wrapper.cfbundle; includeInIndex = 0; path = PSIMapTests.xctest; sourceTree = BUILT_PRODUCTS_DIR; };
		9FCC96F52365BBE200E1B402 /* Info.plist */ = {isa = PBXFileReference; lastKnownFileType = text.plist.xml; path = Info.plist; sourceTree = "<group>"; };
		9FCC96FA2365BBE200E1B402 /* PSIMapUITests.xctest */ = {isa = PBXFileReference; explicitFileType = wrapper.cfbundle; includeInIndex = 0; path = PSIMapUITests.xctest; sourceTree = BUILT_PRODUCTS_DIR; };
		9FCC96FE2365BBE200E1B402 /* PSIMapUITests.swift */ = {isa = PBXFileReference; lastKnownFileType = sourcecode.swift; path = PSIMapUITests.swift; sourceTree = "<group>"; };
		9FCC97002365BBE200E1B402 /* Info.plist */ = {isa = PBXFileReference; lastKnownFileType = text.plist.xml; path = Info.plist; sourceTree = "<group>"; };
		9FCC970D2365D44100E1B402 /* psi-api-response.json */ = {isa = PBXFileReference; lastKnownFileType = text.json; path = "psi-api-response.json"; sourceTree = "<group>"; };
		9FCC97132365D4B100E1B402 /* PSIAPIServiceProtocols.swift */ = {isa = PBXFileReference; lastKnownFileType = sourcecode.swift; path = PSIAPIServiceProtocols.swift; sourceTree = "<group>"; };
		9FCC97152365D60C00E1B402 /* PSIAPIResponse.swift */ = {isa = PBXFileReference; lastKnownFileType = sourcecode.swift; path = PSIAPIResponse.swift; sourceTree = "<group>"; };
		9FCC97182365DBAC00E1B402 /* PSIAPIService.swift */ = {isa = PBXFileReference; lastKnownFileType = sourcecode.swift; path = PSIAPIService.swift; sourceTree = "<group>"; };
		9FCC971C2365E15800E1B402 /* PSIAPIServiceTests.swift */ = {isa = PBXFileReference; lastKnownFileType = sourcecode.swift; path = PSIAPIServiceTests.swift; sourceTree = "<group>"; };
		9FCC971F2365E82100E1B402 /* MockURLProtocol.swift */ = {isa = PBXFileReference; lastKnownFileType = sourcecode.swift; path = MockURLProtocol.swift; sourceTree = "<group>"; };
		9FF680B72367E19300B4F67C /* GeneratedMocks.swift */ = {isa = PBXFileReference; fileEncoding = 4; lastKnownFileType = sourcecode.swift; path = GeneratedMocks.swift; sourceTree = "<group>"; };
		9FF680BA2367EBF000B4F67C /* .swiftlint.yml */ = {isa = PBXFileReference; lastKnownFileType = text.yaml; path = .swiftlint.yml; sourceTree = "<group>"; };
		C9FC04472B93D804408162E6 /* Pods-PSIMap-Tests-PSIMapUITests.debug.xcconfig */ = {isa = PBXFileReference; includeInIndex = 1; lastKnownFileType = text.xcconfig; name = "Pods-PSIMap-Tests-PSIMapUITests.debug.xcconfig"; path = "Target Support Files/Pods-PSIMap-Tests-PSIMapUITests/Pods-PSIMap-Tests-PSIMapUITests.debug.xcconfig"; sourceTree = "<group>"; };
		E39761D7C212BB42F59E83EE /* Pods-PSIMap.release.xcconfig */ = {isa = PBXFileReference; includeInIndex = 1; lastKnownFileType = text.xcconfig; name = "Pods-PSIMap.release.xcconfig"; path = "Target Support Files/Pods-PSIMap/Pods-PSIMap.release.xcconfig"; sourceTree = "<group>"; };
		E8E27B9914FB0E99921B48E1 /* Pods_PSIMap.framework */ = {isa = PBXFileReference; explicitFileType = wrapper.framework; includeInIndex = 0; path = Pods_PSIMap.framework; sourceTree = BUILT_PRODUCTS_DIR; };
/* End PBXFileReference section */

/* Begin PBXFrameworksBuildPhase section */
		9FCC96D62365BBDD00E1B402 /* Frameworks */ = {
			isa = PBXFrameworksBuildPhase;
			buildActionMask = 2147483647;
			files = (
				F0F71305B8B1CB91E9D19B9B /* Pods_PSIMap.framework in Frameworks */,
			);
			runOnlyForDeploymentPostprocessing = 0;
		};
		9FCC96EC2365BBE200E1B402 /* Frameworks */ = {
			isa = PBXFrameworksBuildPhase;
			buildActionMask = 2147483647;
			files = (
				155431565B3095D0C860F74F /* Pods_PSIMap_Tests_PSIMapTests.framework in Frameworks */,
			);
			runOnlyForDeploymentPostprocessing = 0;
		};
		9FCC96F72365BBE200E1B402 /* Frameworks */ = {
			isa = PBXFrameworksBuildPhase;
			buildActionMask = 2147483647;
			files = (
				8CE7DB5217E90749E52B9486 /* Pods_PSIMap_Tests_PSIMapUITests.framework in Frameworks */,
			);
			runOnlyForDeploymentPostprocessing = 0;
		};
/* End PBXFrameworksBuildPhase section */

/* Begin PBXGroup section */
		1A127308D4918756BC8728F9 /* Frameworks */ = {
			isa = PBXGroup;
			children = (
				E8E27B9914FB0E99921B48E1 /* Pods_PSIMap.framework */,
				92D6010CE33B72246A489F5C /* Pods_PSIMap_Tests_PSIMapTests.framework */,
				19C0FF1742442A3606F8DAB1 /* Pods_PSIMap_Tests_PSIMapUITests.framework */,
			);
			name = Frameworks;
			sourceTree = "<group>";
		};
		4CE593611310E064F59BE48F /* Pods */ = {
			isa = PBXGroup;
			children = (
				4009A9C5E14FB4ACA272F992 /* Pods-PSIMap.debug.xcconfig */,
				E39761D7C212BB42F59E83EE /* Pods-PSIMap.release.xcconfig */,
				7A768665D3A2D26B82B02B1B /* Pods-PSIMap-Tests-PSIMapTests.debug.xcconfig */,
				6451CEEBD3A0ABD5C2500A45 /* Pods-PSIMap-Tests-PSIMapTests.release.xcconfig */,
				C9FC04472B93D804408162E6 /* Pods-PSIMap-Tests-PSIMapUITests.debug.xcconfig */,
				222EA4D9714D8BDCB1C04866 /* Pods-PSIMap-Tests-PSIMapUITests.release.xcconfig */,
			);
			path = Pods;
			sourceTree = "<group>";
		};
		9FB332EC2367E065000E4294 /* BuildScripts */ = {
			isa = PBXGroup;
			children = (
				9FB332ED2367E085000E4294 /* generate_mocks.sh */,
			);
			path = BuildScripts;
			sourceTree = "<group>";
		};
		9FCC96D02365BBDD00E1B402 = {
			isa = PBXGroup;
			children = (
				9FF680BA2367EBF000B4F67C /* .swiftlint.yml */,
				9FCC96DB2365BBDE00E1B402 /* PSIMap */,
				9FCC96F22365BBE200E1B402 /* PSIMapTests */,
				9FCC96FD2365BBE200E1B402 /* PSIMapUITests */,
				9FB332EC2367E065000E4294 /* BuildScripts */,
				9FCC96DA2365BBDE00E1B402 /* Products */,
				4CE593611310E064F59BE48F /* Pods */,
				1A127308D4918756BC8728F9 /* Frameworks */,
			);
			sourceTree = "<group>";
		};
		9FCC96DA2365BBDE00E1B402 /* Products */ = {
			isa = PBXGroup;
			children = (
				9FCC96D92365BBDE00E1B402 /* PSIMap.app */,
				9FCC96EF2365BBE200E1B402 /* PSIMapTests.xctest */,
				9FCC96FA2365BBE200E1B402 /* PSIMapUITests.xctest */,
			);
			name = Products;
			sourceTree = "<group>";
		};
		9FCC96DB2365BBDE00E1B402 /* PSIMap */ = {
			isa = PBXGroup;
			children = (
				9FCC96EA2365BBE200E1B402 /* Info.plist */,
				9FCC96DC2365BBDE00E1B402 /* AppDelegate.swift */,
				9FCC96DE2365BBDE00E1B402 /* SceneDelegate.swift */,
				9FCC96E02365BBDE00E1B402 /* ViewController.swift */,
				9FCC96E52365BBE200E1B402 /* Assets.xcassets */,
				9FCC96E72365BBE200E1B402 /* LaunchScreen.storyboard */,
				9FCC96E22365BBDE00E1B402 /* Main.storyboard */,
				9FCC970F2365D46300E1B402 /* Scenes */,
				9FCC97102365D47900E1B402 /* Services */,
			);
			path = PSIMap;
			sourceTree = "<group>";
		};
		9FCC96F22365BBE200E1B402 /* PSIMapTests */ = {
			isa = PBXGroup;
			children = (
				9FF680B72367E19300B4F67C /* GeneratedMocks.swift */,
				9FCC96F52365BBE200E1B402 /* Info.plist */,
				9FCC970C2365D42300E1B402 /* TestData */,
				9FCC97172365D8BC00E1B402 /* Tests */,
				9FCC971E2365E7FD00E1B402 /* Utils */,
			);
			path = PSIMapTests;
			sourceTree = "<group>";
		};
		9FCC96FD2365BBE200E1B402 /* PSIMapUITests */ = {
			isa = PBXGroup;
			children = (
				9FCC96FE2365BBE200E1B402 /* PSIMapUITests.swift */,
				9FCC97002365BBE200E1B402 /* Info.plist */,
			);
			path = PSIMapUITests;
			sourceTree = "<group>";
		};
		9FCC970C2365D42300E1B402 /* TestData */ = {
			isa = PBXGroup;
			children = (
				9FCC970D2365D44100E1B402 /* psi-api-response.json */,
			);
			path = TestData;
			sourceTree = "<group>";
		};
		9FCC970F2365D46300E1B402 /* Scenes */ = {
			isa = PBXGroup;
			children = (
			);
			path = Scenes;
			sourceTree = "<group>";
		};
		9FCC97102365D47900E1B402 /* Services */ = {
			isa = PBXGroup;
			children = (
				9FCC97122365D49200E1B402 /* PSIAPIService */,
			);
			path = Services;
			sourceTree = "<group>";
		};
		9FCC97122365D49200E1B402 /* PSIAPIService */ = {
			isa = PBXGroup;
			children = (
				9FCC97152365D60C00E1B402 /* PSIAPIResponse.swift */,
				9FCC97182365DBAC00E1B402 /* PSIAPIService.swift */,
				9FCC97132365D4B100E1B402 /* PSIAPIServiceProtocols.swift */,
			);
			path = PSIAPIService;
			sourceTree = "<group>";
		};
		9FCC97172365D8BC00E1B402 /* Tests */ = {
			isa = PBXGroup;
			children = (
				9FCC971A2365E14000E1B402 /* Services */,
			);
			path = Tests;
			sourceTree = "<group>";
		};
		9FCC971A2365E14000E1B402 /* Services */ = {
			isa = PBXGroup;
			children = (
				9FCC971B2365E14700E1B402 /* PSIAPIService */,
			);
			path = Services;
			sourceTree = "<group>";
		};
		9FCC971B2365E14700E1B402 /* PSIAPIService */ = {
			isa = PBXGroup;
			children = (
				9FCC971C2365E15800E1B402 /* PSIAPIServiceTests.swift */,
			);
			path = PSIAPIService;
			sourceTree = "<group>";
		};
		9FCC971E2365E7FD00E1B402 /* Utils */ = {
			isa = PBXGroup;
			children = (
				9FCC971F2365E82100E1B402 /* MockURLProtocol.swift */,
			);
			path = Utils;
			sourceTree = "<group>";
		};
/* End PBXGroup section */

/* Begin PBXNativeTarget section */
		9FCC96D82365BBDD00E1B402 /* PSIMap */ = {
			isa = PBXNativeTarget;
			buildConfigurationList = 9FCC97032365BBE200E1B402 /* Build configuration list for PBXNativeTarget "PSIMap" */;
			buildPhases = (
				FD1DC30DB66AC08017257509 /* [CP] Check Pods Manifest.lock */,
				9FCC96D52365BBDD00E1B402 /* Sources */,
				9FCC96D62365BBDD00E1B402 /* Frameworks */,
				9FCC96D72365BBDD00E1B402 /* Resources */,
				9FF680B62367E11200B4F67C /* Run Script (Generate Mocks) */,
				9FF680B92367EB5C00B4F67C /* Run Script (SwiftLint) */,
			);
			buildRules = (
			);
			dependencies = (
			);
			name = PSIMap;
			productName = PSIMap;
			productReference = 9FCC96D92365BBDE00E1B402 /* PSIMap.app */;
			productType = "com.apple.product-type.application";
		};
		9FCC96EE2365BBE200E1B402 /* PSIMapTests */ = {
			isa = PBXNativeTarget;
			buildConfigurationList = 9FCC97062365BBE200E1B402 /* Build configuration list for PBXNativeTarget "PSIMapTests" */;
			buildPhases = (
				1FAE2F42BC1B3132718FFAC4 /* [CP] Check Pods Manifest.lock */,
				9FCC96EB2365BBE200E1B402 /* Sources */,
				9FCC96EC2365BBE200E1B402 /* Frameworks */,
				9FCC96ED2365BBE200E1B402 /* Resources */,
				396CB8A6EE8A6B5229C7F0BF /* [CP] Embed Pods Frameworks */,
			);
			buildRules = (
			);
			dependencies = (
				9FCC96F12365BBE200E1B402 /* PBXTargetDependency */,
			);
			name = PSIMapTests;
			productName = PSIMapTests;
			productReference = 9FCC96EF2365BBE200E1B402 /* PSIMapTests.xctest */;
			productType = "com.apple.product-type.bundle.unit-test";
		};
		9FCC96F92365BBE200E1B402 /* PSIMapUITests */ = {
			isa = PBXNativeTarget;
			buildConfigurationList = 9FCC97092365BBE200E1B402 /* Build configuration list for PBXNativeTarget "PSIMapUITests" */;
			buildPhases = (
				0C9ED908D9B37AAD987B0041 /* [CP] Check Pods Manifest.lock */,
				9FCC96F62365BBE200E1B402 /* Sources */,
				9FCC96F72365BBE200E1B402 /* Frameworks */,
				9FCC96F82365BBE200E1B402 /* Resources */,
				91C07C7AAA4016E9C283703C /* [CP] Embed Pods Frameworks */,
			);
			buildRules = (
			);
			dependencies = (
				9FCC96FC2365BBE200E1B402 /* PBXTargetDependency */,
			);
			name = PSIMapUITests;
			productName = PSIMapUITests;
			productReference = 9FCC96FA2365BBE200E1B402 /* PSIMapUITests.xctest */;
			productType = "com.apple.product-type.bundle.ui-testing";
		};
/* End PBXNativeTarget section */

/* Begin PBXProject section */
		9FCC96D12365BBDD00E1B402 /* Project object */ = {
			isa = PBXProject;
			attributes = {
				LastSwiftUpdateCheck = 1110;
				LastUpgradeCheck = 1110;
				ORGANIZATIONNAME = "Zuhlke Engineering HK Limited";
				TargetAttributes = {
					9FCC96D82365BBDD00E1B402 = {
						CreatedOnToolsVersion = 11.1;
					};
					9FCC96EE2365BBE200E1B402 = {
						CreatedOnToolsVersion = 11.1;
						TestTargetID = 9FCC96D82365BBDD00E1B402;
					};
					9FCC96F92365BBE200E1B402 = {
						CreatedOnToolsVersion = 11.1;
						TestTargetID = 9FCC96D82365BBDD00E1B402;
					};
				};
			};
			buildConfigurationList = 9FCC96D42365BBDD00E1B402 /* Build configuration list for PBXProject "PSIMap" */;
			compatibilityVersion = "Xcode 9.3";
			developmentRegion = en;
			hasScannedForEncodings = 0;
			knownRegions = (
				en,
				Base,
			);
			mainGroup = 9FCC96D02365BBDD00E1B402;
			productRefGroup = 9FCC96DA2365BBDE00E1B402 /* Products */;
			projectDirPath = "";
			projectRoot = "";
			targets = (
				9FCC96D82365BBDD00E1B402 /* PSIMap */,
				9FCC96EE2365BBE200E1B402 /* PSIMapTests */,
				9FCC96F92365BBE200E1B402 /* PSIMapUITests */,
			);
		};
/* End PBXProject section */

/* Begin PBXResourcesBuildPhase section */
		9FCC96D72365BBDD00E1B402 /* Resources */ = {
			isa = PBXResourcesBuildPhase;
			buildActionMask = 2147483647;
			files = (
				9FF680BB2367EBF000B4F67C /* .swiftlint.yml in Resources */,
				9FCC96E92365BBE200E1B402 /* LaunchScreen.storyboard in Resources */,
				9FCC96E62365BBE200E1B402 /* Assets.xcassets in Resources */,
				9FCC96E42365BBDE00E1B402 /* Main.storyboard in Resources */,
			);
			runOnlyForDeploymentPostprocessing = 0;
		};
		9FCC96ED2365BBE200E1B402 /* Resources */ = {
			isa = PBXResourcesBuildPhase;
			buildActionMask = 2147483647;
			files = (
				9FCC970E2365D44100E1B402 /* psi-api-response.json in Resources */,
			);
			runOnlyForDeploymentPostprocessing = 0;
		};
		9FCC96F82365BBE200E1B402 /* Resources */ = {
			isa = PBXResourcesBuildPhase;
			buildActionMask = 2147483647;
			files = (
			);
			runOnlyForDeploymentPostprocessing = 0;
		};
/* End PBXResourcesBuildPhase section */

/* Begin PBXShellScriptBuildPhase section */
		0C9ED908D9B37AAD987B0041 /* [CP] Check Pods Manifest.lock */ = {
			isa = PBXShellScriptBuildPhase;
			buildActionMask = 2147483647;
			files = (
			);
			inputFileListPaths = (
			);
			inputPaths = (
				"${PODS_PODFILE_DIR_PATH}/Podfile.lock",
				"${PODS_ROOT}/Manifest.lock",
			);
			name = "[CP] Check Pods Manifest.lock";
			outputFileListPaths = (
			);
			outputPaths = (
				"$(DERIVED_FILE_DIR)/Pods-PSIMap-Tests-PSIMapUITests-checkManifestLockResult.txt",
			);
			runOnlyForDeploymentPostprocessing = 0;
			shellPath = /bin/sh;
			shellScript = "diff \"${PODS_PODFILE_DIR_PATH}/Podfile.lock\" \"${PODS_ROOT}/Manifest.lock\" > /dev/null\nif [ $? != 0 ] ; then\n    # print error to STDERR\n    echo \"error: The sandbox is not in sync with the Podfile.lock. Run 'pod install' or update your CocoaPods installation.\" >&2\n    exit 1\nfi\n# This output is used by Xcode 'outputs' to avoid re-running this script phase.\necho \"SUCCESS\" > \"${SCRIPT_OUTPUT_FILE_0}\"\n";
			showEnvVarsInLog = 0;
		};
		1FAE2F42BC1B3132718FFAC4 /* [CP] Check Pods Manifest.lock */ = {
			isa = PBXShellScriptBuildPhase;
			buildActionMask = 2147483647;
			files = (
			);
			inputFileListPaths = (
			);
			inputPaths = (
				"${PODS_PODFILE_DIR_PATH}/Podfile.lock",
				"${PODS_ROOT}/Manifest.lock",
			);
			name = "[CP] Check Pods Manifest.lock";
			outputFileListPaths = (
			);
			outputPaths = (
				"$(DERIVED_FILE_DIR)/Pods-PSIMap-Tests-PSIMapTests-checkManifestLockResult.txt",
			);
			runOnlyForDeploymentPostprocessing = 0;
			shellPath = /bin/sh;
			shellScript = "diff \"${PODS_PODFILE_DIR_PATH}/Podfile.lock\" \"${PODS_ROOT}/Manifest.lock\" > /dev/null\nif [ $? != 0 ] ; then\n    # print error to STDERR\n    echo \"error: The sandbox is not in sync with the Podfile.lock. Run 'pod install' or update your CocoaPods installation.\" >&2\n    exit 1\nfi\n# This output is used by Xcode 'outputs' to avoid re-running this script phase.\necho \"SUCCESS\" > \"${SCRIPT_OUTPUT_FILE_0}\"\n";
			showEnvVarsInLog = 0;
		};
		396CB8A6EE8A6B5229C7F0BF /* [CP] Embed Pods Frameworks */ = {
			isa = PBXShellScriptBuildPhase;
			buildActionMask = 2147483647;
			files = (
			);
			inputFileListPaths = (
				"${PODS_ROOT}/Target Support Files/Pods-PSIMap-Tests-PSIMapTests/Pods-PSIMap-Tests-PSIMapTests-frameworks-${CONFIGURATION}-input-files.xcfilelist",
			);
			name = "[CP] Embed Pods Frameworks";
			outputFileListPaths = (
				"${PODS_ROOT}/Target Support Files/Pods-PSIMap-Tests-PSIMapTests/Pods-PSIMap-Tests-PSIMapTests-frameworks-${CONFIGURATION}-output-files.xcfilelist",
			);
			runOnlyForDeploymentPostprocessing = 0;
			shellPath = /bin/sh;
			shellScript = "\"${PODS_ROOT}/Target Support Files/Pods-PSIMap-Tests-PSIMapTests/Pods-PSIMap-Tests-PSIMapTests-frameworks.sh\"\n";
			showEnvVarsInLog = 0;
		};
		91C07C7AAA4016E9C283703C /* [CP] Embed Pods Frameworks */ = {
			isa = PBXShellScriptBuildPhase;
			buildActionMask = 2147483647;
			files = (
			);
			inputFileListPaths = (
				"${PODS_ROOT}/Target Support Files/Pods-PSIMap-Tests-PSIMapUITests/Pods-PSIMap-Tests-PSIMapUITests-frameworks-${CONFIGURATION}-input-files.xcfilelist",
			);
			name = "[CP] Embed Pods Frameworks";
			outputFileListPaths = (
				"${PODS_ROOT}/Target Support Files/Pods-PSIMap-Tests-PSIMapUITests/Pods-PSIMap-Tests-PSIMapUITests-frameworks-${CONFIGURATION}-output-files.xcfilelist",
			);
			runOnlyForDeploymentPostprocessing = 0;
			shellPath = /bin/sh;
			shellScript = "\"${PODS_ROOT}/Target Support Files/Pods-PSIMap-Tests-PSIMapUITests/Pods-PSIMap-Tests-PSIMapUITests-frameworks.sh\"\n";
			showEnvVarsInLog = 0;
		};
		9FF680B62367E11200B4F67C /* Run Script (Generate Mocks) */ = {
			isa = PBXShellScriptBuildPhase;
			buildActionMask = 2147483647;
			files = (
			);
			inputFileListPaths = (
			);
			inputPaths = (
			);
			name = "Run Script (Generate Mocks)";
			outputFileListPaths = (
			);
			outputPaths = (
			);
			runOnlyForDeploymentPostprocessing = 0;
			shellPath = /bin/sh;
			shellScript = "./BuildScripts/generate_mocks.sh\n";
		};
		9FF680B92367EB5C00B4F67C /* Run Script (SwiftLint) */ = {
			isa = PBXShellScriptBuildPhase;
			buildActionMask = 2147483647;
			files = (
			);
			inputFileListPaths = (
			);
			inputPaths = (
			);
			name = "Run Script (SwiftLint)";
			outputFileListPaths = (
			);
			outputPaths = (
			);
			runOnlyForDeploymentPostprocessing = 0;
			shellPath = /bin/sh;
			shellScript = "\"${PODS_ROOT}/SwiftLint/swiftlint\"\n";
		};
		FD1DC30DB66AC08017257509 /* [CP] Check Pods Manifest.lock */ = {
			isa = PBXShellScriptBuildPhase;
			buildActionMask = 2147483647;
			files = (
			);
			inputFileListPaths = (
			);
			inputPaths = (
				"${PODS_PODFILE_DIR_PATH}/Podfile.lock",
				"${PODS_ROOT}/Manifest.lock",
			);
			name = "[CP] Check Pods Manifest.lock";
			outputFileListPaths = (
			);
			outputPaths = (
				"$(DERIVED_FILE_DIR)/Pods-PSIMap-checkManifestLockResult.txt",
			);
			runOnlyForDeploymentPostprocessing = 0;
			shellPath = /bin/sh;
			shellScript = "diff \"${PODS_PODFILE_DIR_PATH}/Podfile.lock\" \"${PODS_ROOT}/Manifest.lock\" > /dev/null\nif [ $? != 0 ] ; then\n    # print error to STDERR\n    echo \"error: The sandbox is not in sync with the Podfile.lock. Run 'pod install' or update your CocoaPods installation.\" >&2\n    exit 1\nfi\n# This output is used by Xcode 'outputs' to avoid re-running this script phase.\necho \"SUCCESS\" > \"${SCRIPT_OUTPUT_FILE_0}\"\n";
			showEnvVarsInLog = 0;
		};
/* End PBXShellScriptBuildPhase section */

/* Begin PBXSourcesBuildPhase section */
		9FCC96D52365BBDD00E1B402 /* Sources */ = {
			isa = PBXSourcesBuildPhase;
			buildActionMask = 2147483647;
			files = (
				9FCC97162365D60C00E1B402 /* PSIAPIResponse.swift in Sources */,
				9FCC96E12365BBDE00E1B402 /* ViewController.swift in Sources */,
				9FCC96DD2365BBDE00E1B402 /* AppDelegate.swift in Sources */,
				9FCC96DF2365BBDE00E1B402 /* SceneDelegate.swift in Sources */,
				9FCC97142365D4B100E1B402 /* PSIAPIServiceProtocols.swift in Sources */,
				9FCC97192365DBAC00E1B402 /* PSIAPIService.swift in Sources */,
			);
			runOnlyForDeploymentPostprocessing = 0;
		};
		9FCC96EB2365BBE200E1B402 /* Sources */ = {
			isa = PBXSourcesBuildPhase;
			buildActionMask = 2147483647;
			files = (
				9FCC97202365E82100E1B402 /* MockURLProtocol.swift in Sources */,
				9FF680B82367E19300B4F67C /* GeneratedMocks.swift in Sources */,
				9FCC971D2365E15800E1B402 /* PSIAPIServiceTests.swift in Sources */,
			);
			runOnlyForDeploymentPostprocessing = 0;
		};
		9FCC96F62365BBE200E1B402 /* Sources */ = {
			isa = PBXSourcesBuildPhase;
			buildActionMask = 2147483647;
			files = (
				9FCC96FF2365BBE200E1B402 /* PSIMapUITests.swift in Sources */,
			);
			runOnlyForDeploymentPostprocessing = 0;
		};
/* End PBXSourcesBuildPhase section */

/* Begin PBXTargetDependency section */
		9FCC96F12365BBE200E1B402 /* PBXTargetDependency */ = {
			isa = PBXTargetDependency;
			target = 9FCC96D82365BBDD00E1B402 /* PSIMap */;
			targetProxy = 9FCC96F02365BBE200E1B402 /* PBXContainerItemProxy */;
		};
		9FCC96FC2365BBE200E1B402 /* PBXTargetDependency */ = {
			isa = PBXTargetDependency;
			target = 9FCC96D82365BBDD00E1B402 /* PSIMap */;
			targetProxy = 9FCC96FB2365BBE200E1B402 /* PBXContainerItemProxy */;
		};
/* End PBXTargetDependency section */

/* Begin PBXVariantGroup section */
		9FCC96E22365BBDE00E1B402 /* Main.storyboard */ = {
			isa = PBXVariantGroup;
			children = (
				9FCC96E32365BBDE00E1B402 /* Base */,
			);
			name = Main.storyboard;
			sourceTree = "<group>";
		};
		9FCC96E72365BBE200E1B402 /* LaunchScreen.storyboard */ = {
			isa = PBXVariantGroup;
			children = (
				9FCC96E82365BBE200E1B402 /* Base */,
			);
			name = LaunchScreen.storyboard;
			sourceTree = "<group>";
		};
/* End PBXVariantGroup section */

/* Begin XCBuildConfiguration section */
		9FCC97012365BBE200E1B402 /* Debug */ = {
			isa = XCBuildConfiguration;
			buildSettings = {
				ALWAYS_SEARCH_USER_PATHS = NO;
				CLANG_ANALYZER_NONNULL = YES;
				CLANG_ANALYZER_NUMBER_OBJECT_CONVERSION = YES_AGGRESSIVE;
				CLANG_CXX_LANGUAGE_STANDARD = "gnu++14";
				CLANG_CXX_LIBRARY = "libc++";
				CLANG_ENABLE_MODULES = YES;
				CLANG_ENABLE_OBJC_ARC = YES;
				CLANG_ENABLE_OBJC_WEAK = YES;
				CLANG_WARN_BLOCK_CAPTURE_AUTORELEASING = YES;
				CLANG_WARN_BOOL_CONVERSION = YES;
				CLANG_WARN_COMMA = YES;
				CLANG_WARN_CONSTANT_CONVERSION = YES;
				CLANG_WARN_DEPRECATED_OBJC_IMPLEMENTATIONS = YES;
				CLANG_WARN_DIRECT_OBJC_ISA_USAGE = YES_ERROR;
				CLANG_WARN_DOCUMENTATION_COMMENTS = YES;
				CLANG_WARN_EMPTY_BODY = YES;
				CLANG_WARN_ENUM_CONVERSION = YES;
				CLANG_WARN_INFINITE_RECURSION = YES;
				CLANG_WARN_INT_CONVERSION = YES;
				CLANG_WARN_NON_LITERAL_NULL_CONVERSION = YES;
				CLANG_WARN_OBJC_IMPLICIT_RETAIN_SELF = YES;
				CLANG_WARN_OBJC_LITERAL_CONVERSION = YES;
				CLANG_WARN_OBJC_ROOT_CLASS = YES_ERROR;
				CLANG_WARN_RANGE_LOOP_ANALYSIS = YES;
				CLANG_WARN_STRICT_PROTOTYPES = YES;
				CLANG_WARN_SUSPICIOUS_MOVE = YES;
				CLANG_WARN_UNGUARDED_AVAILABILITY = YES_AGGRESSIVE;
				CLANG_WARN_UNREACHABLE_CODE = YES;
				CLANG_WARN__DUPLICATE_METHOD_MATCH = YES;
				COPY_PHASE_STRIP = NO;
				DEBUG_INFORMATION_FORMAT = dwarf;
				ENABLE_STRICT_OBJC_MSGSEND = YES;
				ENABLE_TESTABILITY = YES;
				GCC_C_LANGUAGE_STANDARD = gnu11;
				GCC_DYNAMIC_NO_PIC = NO;
				GCC_NO_COMMON_BLOCKS = YES;
				GCC_OPTIMIZATION_LEVEL = 0;
				GCC_PREPROCESSOR_DEFINITIONS = (
					"DEBUG=1",
					"$(inherited)",
				);
				GCC_WARN_64_TO_32_BIT_CONVERSION = YES;
				GCC_WARN_ABOUT_RETURN_TYPE = YES_ERROR;
				GCC_WARN_UNDECLARED_SELECTOR = YES;
				GCC_WARN_UNINITIALIZED_AUTOS = YES_AGGRESSIVE;
				GCC_WARN_UNUSED_FUNCTION = YES;
				GCC_WARN_UNUSED_VARIABLE = YES;
				IPHONEOS_DEPLOYMENT_TARGET = 13.1;
				MTL_ENABLE_DEBUG_INFO = INCLUDE_SOURCE;
				MTL_FAST_MATH = YES;
				ONLY_ACTIVE_ARCH = YES;
				SDKROOT = iphoneos;
				SWIFT_ACTIVE_COMPILATION_CONDITIONS = DEBUG;
				SWIFT_OPTIMIZATION_LEVEL = "-Onone";
			};
			name = Debug;
		};
		9FCC97022365BBE200E1B402 /* Release */ = {
			isa = XCBuildConfiguration;
			buildSettings = {
				ALWAYS_SEARCH_USER_PATHS = NO;
				CLANG_ANALYZER_NONNULL = YES;
				CLANG_ANALYZER_NUMBER_OBJECT_CONVERSION = YES_AGGRESSIVE;
				CLANG_CXX_LANGUAGE_STANDARD = "gnu++14";
				CLANG_CXX_LIBRARY = "libc++";
				CLANG_ENABLE_MODULES = YES;
				CLANG_ENABLE_OBJC_ARC = YES;
				CLANG_ENABLE_OBJC_WEAK = YES;
				CLANG_WARN_BLOCK_CAPTURE_AUTORELEASING = YES;
				CLANG_WARN_BOOL_CONVERSION = YES;
				CLANG_WARN_COMMA = YES;
				CLANG_WARN_CONSTANT_CONVERSION = YES;
				CLANG_WARN_DEPRECATED_OBJC_IMPLEMENTATIONS = YES;
				CLANG_WARN_DIRECT_OBJC_ISA_USAGE = YES_ERROR;
				CLANG_WARN_DOCUMENTATION_COMMENTS = YES;
				CLANG_WARN_EMPTY_BODY = YES;
				CLANG_WARN_ENUM_CONVERSION = YES;
				CLANG_WARN_INFINITE_RECURSION = YES;
				CLANG_WARN_INT_CONVERSION = YES;
				CLANG_WARN_NON_LITERAL_NULL_CONVERSION = YES;
				CLANG_WARN_OBJC_IMPLICIT_RETAIN_SELF = YES;
				CLANG_WARN_OBJC_LITERAL_CONVERSION = YES;
				CLANG_WARN_OBJC_ROOT_CLASS = YES_ERROR;
				CLANG_WARN_RANGE_LOOP_ANALYSIS = YES;
				CLANG_WARN_STRICT_PROTOTYPES = YES;
				CLANG_WARN_SUSPICIOUS_MOVE = YES;
				CLANG_WARN_UNGUARDED_AVAILABILITY = YES_AGGRESSIVE;
				CLANG_WARN_UNREACHABLE_CODE = YES;
				CLANG_WARN__DUPLICATE_METHOD_MATCH = YES;
				COPY_PHASE_STRIP = NO;
				DEBUG_INFORMATION_FORMAT = "dwarf-with-dsym";
				ENABLE_NS_ASSERTIONS = NO;
				ENABLE_STRICT_OBJC_MSGSEND = YES;
				GCC_C_LANGUAGE_STANDARD = gnu11;
				GCC_NO_COMMON_BLOCKS = YES;
				GCC_WARN_64_TO_32_BIT_CONVERSION = YES;
				GCC_WARN_ABOUT_RETURN_TYPE = YES_ERROR;
				GCC_WARN_UNDECLARED_SELECTOR = YES;
				GCC_WARN_UNINITIALIZED_AUTOS = YES_AGGRESSIVE;
				GCC_WARN_UNUSED_FUNCTION = YES;
				GCC_WARN_UNUSED_VARIABLE = YES;
				IPHONEOS_DEPLOYMENT_TARGET = 13.1;
				MTL_ENABLE_DEBUG_INFO = NO;
				MTL_FAST_MATH = YES;
				SDKROOT = iphoneos;
				SWIFT_COMPILATION_MODE = wholemodule;
				SWIFT_OPTIMIZATION_LEVEL = "-O";
				VALIDATE_PRODUCT = YES;
			};
			name = Release;
		};
		9FCC97042365BBE200E1B402 /* Debug */ = {
			isa = XCBuildConfiguration;
			baseConfigurationReference = 4009A9C5E14FB4ACA272F992 /* Pods-PSIMap.debug.xcconfig */;
			buildSettings = {
				ASSETCATALOG_COMPILER_APPICON_NAME = AppIcon;
				CODE_SIGN_STYLE = Automatic;
				INFOPLIST_FILE = PSIMap/Info.plist;
				LD_RUNPATH_SEARCH_PATHS = (
					"$(inherited)",
					"@executable_path/Frameworks",
				);
				PRODUCT_BUNDLE_IDENTIFIER = com.zuhlke.sgdata.psi.PSIMap;
				PRODUCT_NAME = "$(TARGET_NAME)";
				SWIFT_VERSION = 5.0;
				TARGETED_DEVICE_FAMILY = "1,2";
			};
			name = Debug;
		};
		9FCC97052365BBE200E1B402 /* Release */ = {
			isa = XCBuildConfiguration;
			baseConfigurationReference = E39761D7C212BB42F59E83EE /* Pods-PSIMap.release.xcconfig */;
			buildSettings = {
				ASSETCATALOG_COMPILER_APPICON_NAME = AppIcon;
				CODE_SIGN_STYLE = Automatic;
				INFOPLIST_FILE = PSIMap/Info.plist;
				LD_RUNPATH_SEARCH_PATHS = (
					"$(inherited)",
					"@executable_path/Frameworks",
				);
				PRODUCT_BUNDLE_IDENTIFIER = com.zuhlke.sgdata.psi.PSIMap;
				PRODUCT_NAME = "$(TARGET_NAME)";
				SWIFT_VERSION = 5.0;
				TARGETED_DEVICE_FAMILY = "1,2";
			};
			name = Release;
		};
		9FCC97072365BBE200E1B402 /* Debug */ = {
			isa = XCBuildConfiguration;
			baseConfigurationReference = 7A768665D3A2D26B82B02B1B /* Pods-PSIMap-Tests-PSIMapTests.debug.xcconfig */;
			buildSettings = {
				BUNDLE_LOADER = "$(TEST_HOST)";
				CODE_SIGN_STYLE = Automatic;
				INFOPLIST_FILE = PSIMapTests/Info.plist;
				IPHONEOS_DEPLOYMENT_TARGET = 13.1;
				LD_RUNPATH_SEARCH_PATHS = (
					"$(inherited)",
					"@executable_path/Frameworks",
					"@loader_path/Frameworks",
				);
				PRODUCT_BUNDLE_IDENTIFIER = com.zuhlke.sgdata.psi.PSIMapTests;
				PRODUCT_NAME = "$(TARGET_NAME)";
				SWIFT_VERSION = 5.0;
				TARGETED_DEVICE_FAMILY = "1,2";
				TEST_HOST = "$(BUILT_PRODUCTS_DIR)/PSIMap.app/PSIMap";
			};
			name = Debug;
		};
		9FCC97082365BBE200E1B402 /* Release */ = {
			isa = XCBuildConfiguration;
			baseConfigurationReference = 6451CEEBD3A0ABD5C2500A45 /* Pods-PSIMap-Tests-PSIMapTests.release.xcconfig */;
			buildSettings = {
				BUNDLE_LOADER = "$(TEST_HOST)";
				CODE_SIGN_STYLE = Automatic;
				INFOPLIST_FILE = PSIMapTests/Info.plist;
				IPHONEOS_DEPLOYMENT_TARGET = 13.1;
				LD_RUNPATH_SEARCH_PATHS = (
					"$(inherited)",
					"@executable_path/Frameworks",
					"@loader_path/Frameworks",
				);
				PRODUCT_BUNDLE_IDENTIFIER = com.zuhlke.sgdata.psi.PSIMapTests;
				PRODUCT_NAME = "$(TARGET_NAME)";
				SWIFT_VERSION = 5.0;
				TARGETED_DEVICE_FAMILY = "1,2";
				TEST_HOST = "$(BUILT_PRODUCTS_DIR)/PSIMap.app/PSIMap";
			};
			name = Release;
		};
		9FCC970A2365BBE200E1B402 /* Debug */ = {
			isa = XCBuildConfiguration;
			baseConfigurationReference = C9FC04472B93D804408162E6 /* Pods-PSIMap-Tests-PSIMapUITests.debug.xcconfig */;
			buildSettings = {
				CODE_SIGN_STYLE = Automatic;
				INFOPLIST_FILE = PSIMapUITests/Info.plist;
				LD_RUNPATH_SEARCH_PATHS = (
					"$(inherited)",
					"@executable_path/Frameworks",
					"@loader_path/Frameworks",
				);
				PRODUCT_BUNDLE_IDENTIFIER = com.zuhlke.sgdata.psi.PSIMapUITests;
				PRODUCT_NAME = "$(TARGET_NAME)";
				SWIFT_VERSION = 5.0;
				TARGETED_DEVICE_FAMILY = "1,2";
				TEST_TARGET_NAME = PSIMap;
			};
			name = Debug;
		};
		9FCC970B2365BBE200E1B402 /* Release */ = {
			isa = XCBuildConfiguration;
			baseConfigurationReference = 222EA4D9714D8BDCB1C04866 /* Pods-PSIMap-Tests-PSIMapUITests.release.xcconfig */;
			buildSettings = {
				CODE_SIGN_STYLE = Automatic;
				INFOPLIST_FILE = PSIMapUITests/Info.plist;
				LD_RUNPATH_SEARCH_PATHS = (
					"$(inherited)",
					"@executable_path/Frameworks",
					"@loader_path/Frameworks",
				);
				PRODUCT_BUNDLE_IDENTIFIER = com.zuhlke.sgdata.psi.PSIMapUITests;
				PRODUCT_NAME = "$(TARGET_NAME)";
				SWIFT_VERSION = 5.0;
				TARGETED_DEVICE_FAMILY = "1,2";
				TEST_TARGET_NAME = PSIMap;
			};
			name = Release;
		};
/* End XCBuildConfiguration section */

/* Begin XCConfigurationList section */
		9FCC96D42365BBDD00E1B402 /* Build configuration list for PBXProject "PSIMap" */ = {
			isa = XCConfigurationList;
			buildConfigurations = (
				9FCC97012365BBE200E1B402 /* Debug */,
				9FCC97022365BBE200E1B402 /* Release */,
			);
			defaultConfigurationIsVisible = 0;
			defaultConfigurationName = Release;
		};
		9FCC97032365BBE200E1B402 /* Build configuration list for PBXNativeTarget "PSIMap" */ = {
			isa = XCConfigurationList;
			buildConfigurations = (
				9FCC97042365BBE200E1B402 /* Debug */,
				9FCC97052365BBE200E1B402 /* Release */,
			);
			defaultConfigurationIsVisible = 0;
			defaultConfigurationName = Release;
		};
		9FCC97062365BBE200E1B402 /* Build configuration list for PBXNativeTarget "PSIMapTests" */ = {
			isa = XCConfigurationList;
			buildConfigurations = (
				9FCC97072365BBE200E1B402 /* Debug */,
				9FCC97082365BBE200E1B402 /* Release */,
			);
			defaultConfigurationIsVisible = 0;
			defaultConfigurationName = Release;
		};
		9FCC97092365BBE200E1B402 /* Build configuration list for PBXNativeTarget "PSIMapUITests" */ = {
			isa = XCConfigurationList;
			buildConfigurations = (
				9FCC970A2365BBE200E1B402 /* Debug */,
				9FCC970B2365BBE200E1B402 /* Release */,
			);
			defaultConfigurationIsVisible = 0;
			defaultConfigurationName = Release;
		};
/* End XCConfigurationList section */
	};
	rootObject = 9FCC96D12365BBDD00E1B402 /* Project object */;
}
